dependencies:
- name: redis
  repository: oci://registry-1.docker.io/bitnamicharts
  version: 20.2.1
- name: postgresql
  repository: oci://registry-1.docker.io/bitnamicharts
  version: 16.2.1
digest: sha256:4edda57165787b403361ad79e533239c6969cbaf73cbaa4be1d8f8d28981268f
generated: "2024-11-20T21:45:26.433377+01:00"
